<?xml version="1.0" encoding="utf-8"?>
<Project ToolsVersion="4.0" xmlns="http://schemas.microsoft.com/developer/msbuild/2003">
  <ItemGroup>
    <Filter Include="Source Files">
      <UniqueIdentifier>{4FC737F1-C7A5-4376-A066-2A32D752A2FF}</UniqueIdentifier>
      <Extensions>cpp;c;cc;cxx;def;odl;idl;hpj;bat;asm;asmx</Extensions>
    </Filter>
    <Filter Include="Header Files">
      <UniqueIdentifier>{93995380-89BD-4b04-88EB-625FBE52EBFB}</UniqueIdentifier>
      <Extensions>h;hh;hpp;hxx;hm;inl;inc;xsd</Extensions>
    </Filter>
    <Filter Include="Resource Files">
      <UniqueIdentifier>{67DA6AB6-F800-4c08-8B7A-83BB121AAD01}</UniqueIdentifier>
      <Extensions>rc;ico;cur;bmp;dlg;rc2;rct;bin;rgs;gif;jpg;jpeg;jpe;resx;tiff;tif;png;wav;mfcribbon-ms</Extensions>
    </Filter>
    <Filter Include="Header Files\Workers">
      <UniqueIdentifier>{5981ac28-ad95-4c88-9dd3-b1588d1d9cbc}</UniqueIdentifier>
    </Filter>
    <Filter Include="Header Files\Execution">
      <UniqueIdentifier>{f72f0832-e62a-48f7-9572-5032f8d22c10}</UniqueIdentifier>
    </Filter>
    <Filter Include="Source Files\Execution">
      <UniqueIdentifier>{12c5e66c-cae6-4348-8a6d-ff647e17b164}</UniqueIdentifier>
    </Filter>
    <Filter Include="Source Files\Workers">
      <UniqueIdentifier>{d204e1c5-7078-4e3d-a265-80a5536b90ec}</UniqueIdentifier>
    </Filter>
    <Filter Include="Header Files\Building">
      <UniqueIdentifier>{d7d8e819-f3b6-45c6-a750-84ff23aab85d}</UniqueIdentifier>
    </Filter>
    <Filter Include="Source Files\Building">
      <UniqueIdentifier>{f076b5f3-3e74-45e8-b15b-caece7eb09cf}</UniqueIdentifier>
    </Filter>
    <Filter Include="Tests">
      <UniqueIdentifier>{f54042ec-22ba-48b8-b2c8-2a724d11beeb}</UniqueIdentifier>
    </Filter>
    <Filter Include="Header Files\Tools">
      <UniqueIdentifier>{f79792d0-a20b-4121-a313-b8f0d4825671}</UniqueIdentifier>
    </Filter>
    <Filter Include="Source Files\Tools">
      <UniqueIdentifier>{ef0211b1-a542-4e3e-b59b-2892714c8cc0}</UniqueIdentifier>
    </Filter>
  </ItemGroup>
  <ItemGroup>
    <ClInclude Include="Source\InputWorker.h">
      <Filter>Header Files\Workers</Filter>
    </ClInclude>
    <ClInclude Include="Source\OutputWorker.h">
      <Filter>Header Files\Workers</Filter>
    </ClInclude>
    <ClInclude Include="Source\BaseWorker.h">
      <Filter>Header Files\Workers</Filter>
    </ClInclude>
    <ClInclude Include="Source\WorkflowExecutor.h">
      <Filter>Header Files\Execution</Filter>
    </ClInclude>
    <ClInclude Include="Source\WorkflowBuilder.h">
      <Filter>Header Files\Building</Filter>
    </ClInclude>
    <ClInclude Include="Source\InputMetadata.h">
      <Filter>Header Files\Building</Filter>
    </ClInclude>
    <ClInclude Include="Source\InputParser.h">
      <Filter>Header Files\Building</Filter>
    </ClInclude>
    <ClInclude Include="Source\BuildingExceptions.h">
      <Filter>Header Files\Building</Filter>
    </ClInclude>
    <ClInclude Include="Source\GrepWorker.h">
      <Filter>Header Files\Workers</Filter>
    </ClInclude>
    <ClInclude Include="Source\StringHelper.h">
      <Filter>Header Files\Tools</Filter>
    </ClInclude>
  </ItemGroup>
  <ItemGroup>
    <ClCompile Include="Source\program.cpp">
      <Filter>Source Files</Filter>
    </ClCompile>
    <ClCompile Include="Source\WorkflowExecutor.cpp">
      <Filter>Source Files\Execution</Filter>
    </ClCompile>
    <ClCompile Include="Source\InputWorker.cpp">
      <Filter>Source Files\Workers</Filter>
    </ClCompile>
    <ClCompile Include="Source\OutputWorker.cpp">
      <Filter>Source Files\Workers</Filter>
    </ClCompile>
    <ClCompile Include="Source\BaseWorker.cpp">
      <Filter>Source Files\Workers</Filter>
    </ClCompile>
    <ClCompile Include="Source\WorkflowBuilder.cpp">
      <Filter>Source Files\Building</Filter>
    </ClCompile>
    <ClCompile Include="Tests\InputParserTests.cpp">
      <Filter>Tests</Filter>
    </ClCompile>
    <ClCompile Include="Source\InputParser.cpp">
      <Filter>Source Files\Building</Filter>
    </ClCompile>
    <ClCompile Include="Tests\WorkflowBuilderTests.cpp">
      <Filter>Tests</Filter>
    </ClCompile>
    <ClCompile Include="Source\GrepWorker.cpp">
      <Filter>Source Files\Workers</Filter>
    </ClCompile>
    <ClCompile Include="Tests\WorkersTests.cpp">
      <Filter>Tests</Filter>
    </ClCompile>
    <ClCompile Include="Source\StringHelper.cpp">
      <Filter>Source Files\Tools</Filter>
    </ClCompile>
    <ClCompile Include="Tests\StringHelperTests.cpp">
      <Filter>Tests</Filter>
    </ClCompile>
  </ItemGroup>
</Project>